Microsoft Visual Studio Solution File, Format Version 12.00
# Visual Studio Version 17
VisualStudioVersion = 17.5.2.0
MinimumVisualStudioVersion = 10.0.40219.1
Project("{2150E333-8FDC-42A3-9474-1A3956D46DE8}") = "src", "src", "{827E0CD3-B72D-47B6-A68D-7590B98EB39B}"
EndProject
Project("{2150E333-8FDC-42A3-9474-1A3956D46DE8}") = "tests", "tests", "{0AB3BF05-4346-4AA6-1389-037BE0695223}"
EndProject
Project("{FAE04EC0-301F-11D3-BF4B-00C04F79EFBC}") = "Aurovel.Crm.Api", "src\Aurovel.Api\Aurovel.Crm.Api.csproj", "{C74992EE-B21D-D665-100C-3D19B5436202}"
EndProject
Project("{FAE04EC0-301F-11D3-BF4B-00C04F79EFBC}") = "Aurovel.Application", "src\Aurovel.Application\Aurovel.Application.csproj", "{66AE8DEC-A735-ECB6-FD13-C47688216985}"
EndProject
Project("{FAE04EC0-301F-11D3-BF4B-00C04F79EFBC}") = "Aurovel.Domain", "src\Aurovel.Domain\Aurovel.Domain.csproj", "{136EFC06-262D-280B-F238-284952113109}"
EndProject
Project("{FAE04EC0-301F-11D3-BF4B-00C04F79EFBC}") = "Aurovel.Infrastructure", "src\Aurovel.Infrastructure\Aurovel.Infrastructure.csproj", "{0BC6B036-89D9-7AC2-A750-AE622CF73D85}"
EndProject
Project("{2150E333-8FDC-42A3-9474-1A3956D46DE8}") = "Solution Items", "Solution Items", "{8EC462FD-D22E-90A8-E5CE-7E832BA40C5D}"
	ProjectSection(SolutionItems) = preProject
		.env = .env
		Caddyfile.txt = Caddyfile.txt
		docker-compose.yml = docker-compose.yml
		Dockerfile = Dockerfile
	EndProjectSection
EndProject
Global
	GlobalSection(SolutionConfigurationPlatforms) = preSolution
		Debug|Any CPU = Debug|Any CPU
		Release|Any CPU = Release|Any CPU
	EndGlobalSection
	GlobalSection(ProjectConfigurationPlatforms) = postSolution
		{C74992EE-B21D-D665-100C-3D19B5436202}.Debug|Any CPU.ActiveCfg = Debug|Any CPU
		{C74992EE-B21D-D665-100C-3D19B5436202}.Debug|Any CPU.Build.0 = Debug|Any CPU
		{C74992EE-B21D-D665-100C-3D19B5436202}.Release|Any CPU.ActiveCfg = Release|Any CPU
		{C74992EE-B21D-D665-100C-3D19B5436202}.Release|Any CPU.Build.0 = Release|Any CPU
		{66AE8DEC-A735-ECB6-FD13-C47688216985}.Debug|Any CPU.ActiveCfg = Debug|Any CPU
		{66AE8DEC-A735-ECB6-FD13-C47688216985}.Debug|Any CPU.Build.0 = Debug|Any CPU
		{66AE8DEC-A735-ECB6-FD13-C47688216985}.Release|Any CPU.ActiveCfg = Release|Any CPU
		{66AE8DEC-A735-ECB6-FD13-C47688216985}.Release|Any CPU.Build.0 = Release|Any CPU
		{136EFC06-262D-280B-F238-284952113109}.Debug|Any CPU.ActiveCfg = Debug|Any CPU
		{136EFC06-262D-280B-F238-284952113109}.Debug|Any CPU.Build.0 = Debug|Any CPU
		{136EFC06-262D-280B-F238-284952113109}.Release|Any CPU.ActiveCfg = Release|Any CPU
		{136EFC06-262D-280B-F238-284952113109}.Release|Any CPU.Build.0 = Release|Any CPU
		{0BC6B036-89D9-7AC2-A750-AE622CF73D85}.Debug|Any CPU.ActiveCfg = Debug|Any CPU
		{0BC6B036-89D9-7AC2-A750-AE622CF73D85}.Debug|Any CPU.Build.0 = Debug|Any CPU
		{0BC6B036-89D9-7AC2-A750-AE622CF73D85}.Release|Any CPU.ActiveCfg = Release|Any CPU
		{0BC6B036-89D9-7AC2-A750-AE622CF73D85}.Release|Any CPU.Build.0 = Release|Any CPU
	EndGlobalSection
	GlobalSection(SolutionProperties) = preSolution
		HideSolutionNode = FALSE
	EndGlobalSection
	GlobalSection(NestedProjects) = preSolution
		{C74992EE-B21D-D665-100C-3D19B5436202} = {827E0CD3-B72D-47B6-A68D-7590B98EB39B}
		{66AE8DEC-A735-ECB6-FD13-C47688216985} = {827E0CD3-B72D-47B6-A68D-7590B98EB39B}
		{136EFC06-262D-280B-F238-284952113109} = {827E0CD3-B72D-47B6-A68D-7590B98EB39B}
		{0BC6B036-89D9-7AC2-A750-AE622CF73D85} = {827E0CD3-B72D-47B6-A68D-7590B98EB39B}
	EndGlobalSection
	GlobalSection(ExtensibilityGlobals) = postSolution
		SolutionGuid = {E0112240-F6F7-4802-B6DD-050A256CCFC3}
	EndGlobalSection
EndGlobal
